{
  "name": "node-template",
  "version": "0.1.6",
  "dependencies": {
    "async": {
      "version": "0.1.22"
    },
    "colors": {
      "version": "0.6.0-1"
    },
    "glob": {
      "version": "3.1.14",
      "dependencies": {
        "minimatch": {
          "version": "0.2.9",
          "dependencies": {
            "lru-cache": {
              "version": "2.0.4"
            },
            "sigmund": {
              "version": "1.0.0"
            }
          }
        },
        "graceful-fs": {
          "version": "1.1.14"
        },
        "inherits": {
          "version": "1.0.0"
        }
      }
    },
    "underscore": {
      "version": "1.4.2"
    }
  }
}
